
Microsoft Visual Studio Solution File, Format Version 12.00
# Visual Studio Version 17
VisualStudioVersion = 17.11.35303.130
MinimumVisualStudioVersion = 10.0.40219.1
Project("{FAE04EC0-301F-11D3-BF4B-00C04F79EFBC}") = "project1Portfolio", "project1Portfolio\project1Portfolio.csproj", "{B3DE6DDA-539A-4FF9-AAD2-97FFDAD3A01D}"
EndProject
Global
	GlobalSection(SolutionConfigurationPlatforms) = preSolution
		Debug|Any CPU = Debug|Any CPU
		Release|Any CPU = Release|Any CPU
	EndGlobalSection
	GlobalSection(ProjectConfigurationPlatforms) = postSolution
		{B3DE6DDA-539A-4FF9-AAD2-97FFDAD3A01D}.Debug|Any CPU.ActiveCfg = Debug|Any CPU
		{B3DE6DDA-539A-4FF9-AAD2-97FFDAD3A01D}.Debug|Any CPU.Build.0 = Debug|Any CPU
		{B3DE6DDA-539A-4FF9-AAD2-97FFDAD3A01D}.Release|Any CPU.ActiveCfg = Release|Any CPU
		{B3DE6DDA-539A-4FF9-AAD2-97FFDAD3A01D}.Release|Any CPU.Build.0 = Release|Any CPU
	EndGlobalSection
	GlobalSection(SolutionProperties) = preSolution
		HideSolutionNode = FALSE
	EndGlobalSection
	GlobalSection(ExtensibilityGlobals) = postSolution
		SolutionGuid = {2BC730B6-331D-4B0F-B56A-4448974FF2F5}
	EndGlobalSection
EndGlobal
